// !$*UTF8*$!
{
	archiveVersion = 1;
	classes = {
	};
	objectVersion = 56;
	objects = {

/* Begin PBXBuildFile section */
		A609CCFF2A75BCED00459630 /* ContactsApp.xcdatamodeld in Sources */ = {isa = PBXBuildFile; fileRef = A609CCFD2A75BCED00459630 /* ContactsApp.xcdatamodeld */; };
		A6342EE22A75B9FD00978508 /* ContactPickerViewController.storyboard in Resources */ = {isa = PBXBuildFile; fileRef = A6342EE12A75B9FD00978508 /* ContactPickerViewController.storyboard */; };
		A6342EE42A75BA1500978508 /* ContacPickerViewController.swift in Sources */ = {isa = PBXBuildFile; fileRef = A6342EE32A75BA1500978508 /* ContacPickerViewController.swift */; };
		A69DC91D2A6FC7F50067F580 /* UserInfoTableViewCell.swift in Sources */ = {isa = PBXBuildFile; fileRef = A69DC91C2A6FC7F50067F580 /* UserInfoTableViewCell.swift */; };
		A6C010402A6C70EC00ACBBB0 /* AppDelegate.swift in Sources */ = {isa = PBXBuildFile; fileRef = A6C0103F2A6C70EC00ACBBB0 /* AppDelegate.swift */; };
		A6C010422A6C70EC00ACBBB0 /* SceneDelegate.swift in Sources */ = {isa = PBXBuildFile; fileRef = A6C010412A6C70EC00ACBBB0 /* SceneDelegate.swift */; };
		A6C010492A6C70EE00ACBBB0 /* Assets.xcassets in Resources */ = {isa = PBXBuildFile; fileRef = A6C010482A6C70EE00ACBBB0 /* Assets.xcassets */; };
		A6C0104C2A6C70EE00ACBBB0 /* LaunchScreen.storyboard in Resources */ = {isa = PBXBuildFile; fileRef = A6C0104A2A6C70EE00ACBBB0 /* LaunchScreen.storyboard */; };
		A6C010572A6C70EE00ACBBB0 /* ContactsAppTests.swift in Sources */ = {isa = PBXBuildFile; fileRef = A6C010562A6C70EE00ACBBB0 /* ContactsAppTests.swift */; };
		A6C010612A6C70EE00ACBBB0 /* ContactsAppUITests.swift in Sources */ = {isa = PBXBuildFile; fileRef = A6C010602A6C70EE00ACBBB0 /* ContactsAppUITests.swift */; };
		A6C010632A6C70EE00ACBBB0 /* ContactsAppUITestsLaunchTests.swift in Sources */ = {isa = PBXBuildFile; fileRef = A6C010622A6C70EE00ACBBB0 /* ContactsAppUITestsLaunchTests.swift */; };
		A6C010712A6C736F00ACBBB0 /* ContactViewController.storyboard in Resources */ = {isa = PBXBuildFile; fileRef = A6C010702A6C736F00ACBBB0 /* ContactViewController.storyboard */; };
		A6C010732A6C737B00ACBBB0 /* ContactViewController.swift in Sources */ = {isa = PBXBuildFile; fileRef = A6C010722A6C737B00ACBBB0 /* ContactViewController.swift */; };
		A6C010772A6E790B00ACBBB0 /* ContactTableViewCell.swift in Sources */ = {isa = PBXBuildFile; fileRef = A6C010762A6E790B00ACBBB0 /* ContactTableViewCell.swift */; };
		A6C0107A2A6F049100ACBBB0 /* UserDetailViewController.swift in Sources */ = {isa = PBXBuildFile; fileRef = A6C010792A6F049100ACBBB0 /* UserDetailViewController.swift */; };
		A6C0107C2A6F04AD00ACBBB0 /* UserDetailViewController.storyboard in Resources */ = {isa = PBXBuildFile; fileRef = A6C0107B2A6F04AD00ACBBB0 /* UserDetailViewController.storyboard */; };
		A6C0107E2A6F0C8F00ACBBB0 /* UserDetailCollectionViewCell.swift in Sources */ = {isa = PBXBuildFile; fileRef = A6C0107D2A6F0C8F00ACBBB0 /* UserDetailCollectionViewCell.swift */; };
/* End PBXBuildFile section */

/* Begin PBXContainerItemProxy section */
		A6C010532A6C70EE00ACBBB0 /* PBXContainerItemProxy */ = {
			isa = PBXContainerItemProxy;
			containerPortal = A6C010342A6C70EC00ACBBB0 /* Project object */;
			proxyType = 1;
			remoteGlobalIDString = A6C0103B2A6C70EC00ACBBB0;
			remoteInfo = ContactsApp;
		};
		A6C0105D2A6C70EE00ACBBB0 /* PBXContainerItemProxy */ = {
			isa = PBXContainerItemProxy;
			containerPortal = A6C010342A6C70EC00ACBBB0 /* Project object */;
			proxyType = 1;
			remoteGlobalIDString = A6C0103B2A6C70EC00ACBBB0;
			remoteInfo = ContactsApp;
		};
/* End PBXContainerItemProxy section */

/* Begin PBXFileReference section */
		A609CCFE2A75BCED00459630 /* ContactsApp.xcdatamodel */ = {isa = PBXFileReference; lastKnownFileType = wrapper.xcdatamodel; path = ContactsApp.xcdatamodel; sourceTree = "<group>"; };
		A6342EE12A75B9FD00978508 /* ContactPickerViewController.storyboard */ = {isa = PBXFileReference; lastKnownFileType = file.storyboard; path = ContactPickerViewController.storyboard; sourceTree = "<group>"; };
		A6342EE32A75BA1500978508 /* ContacPickerViewController.swift */ = {isa = PBXFileReference; lastKnownFileType = sourcecode.swift; path = ContacPickerViewController.swift; sourceTree = "<group>"; };
		A69DC91C2A6FC7F50067F580 /* UserInfoTableViewCell.swift */ = {isa = PBXFileReference; lastKnownFileType = sourcecode.swift; path = UserInfoTableViewCell.swift; sourceTree = "<group>"; };
		A6C0103C2A6C70EC00ACBBB0 /* ContactsApp.app */ = {isa = PBXFileReference; explicitFileType = wrapper.application; includeInIndex = 0; path = ContactsApp.app; sourceTree = BUILT_PRODUCTS_DIR; };
		A6C0103F2A6C70EC00ACBBB0 /* AppDelegate.swift */ = {isa = PBXFileReference; lastKnownFileType = sourcecode.swift; path = AppDelegate.swift; sourceTree = "<group>"; };
		A6C010412A6C70EC00ACBBB0 /* SceneDelegate.swift */ = {isa = PBXFileReference; lastKnownFileType = sourcecode.swift; path = SceneDelegate.swift; sourceTree = "<group>"; };
		A6C010482A6C70EE00ACBBB0 /* Assets.xcassets */ = {isa = PBXFileReference; lastKnownFileType = folder.assetcatalog; path = Assets.xcassets; sourceTree = "<group>"; };
		A6C0104B2A6C70EE00ACBBB0 /* Base */ = {isa = PBXFileReference; lastKnownFileType = file.storyboard; name = Base; path = Base.lproj/LaunchScreen.storyboard; sourceTree = "<group>"; };
		A6C0104D2A6C70EE00ACBBB0 /* Info.plist */ = {isa = PBXFileReference; lastKnownFileType = text.plist.xml; path = Info.plist; sourceTree = "<group>"; };
		A6C010522A6C70EE00ACBBB0 /* ContactsAppTests.xctest */ = {isa = PBXFileReference; explicitFileType = wrapper.cfbundle; includeInIndex = 0; path = ContactsAppTests.xctest; sourceTree = BUILT_PRODUCTS_DIR; };
		A6C010562A6C70EE00ACBBB0 /* ContactsAppTests.swift */ = {isa = PBXFileReference; lastKnownFileType = sourcecode.swift; path = ContactsAppTests.swift; sourceTree = "<group>"; };
		A6C0105C2A6C70EE00ACBBB0 /* ContactsAppUITests.xctest */ = {isa = PBXFileReference; explicitFileType = wrapper.cfbundle; includeInIndex = 0; path = ContactsAppUITests.xctest; sourceTree = BUILT_PRODUCTS_DIR; };
		A6C010602A6C70EE00ACBBB0 /* ContactsAppUITests.swift */ = {isa = PBXFileReference; lastKnownFileType = sourcecode.swift; path = ContactsAppUITests.swift; sourceTree = "<group>"; };
		A6C010622A6C70EE00ACBBB0 /* ContactsAppUITestsLaunchTests.swift */ = {isa = PBXFileReference; lastKnownFileType = sourcecode.swift; path = ContactsAppUITestsLaunchTests.swift; sourceTree = "<group>"; };
		A6C010702A6C736F00ACBBB0 /* ContactViewController.storyboard */ = {isa = PBXFileReference; lastKnownFileType = file.storyboard; path = ContactViewController.storyboard; sourceTree = "<group>"; };
		A6C010722A6C737B00ACBBB0 /* ContactViewController.swift */ = {isa = PBXFileReference; lastKnownFileType = sourcecode.swift; path = ContactViewController.swift; sourceTree = "<group>"; };
		A6C010762A6E790B00ACBBB0 /* ContactTableViewCell.swift */ = {isa = PBXFileReference; lastKnownFileType = sourcecode.swift; path = ContactTableViewCell.swift; sourceTree = "<group>"; };
		A6C010792A6F049100ACBBB0 /* UserDetailViewController.swift */ = {isa = PBXFileReference; lastKnownFileType = sourcecode.swift; path = UserDetailViewController.swift; sourceTree = "<group>"; };
		A6C0107B2A6F04AD00ACBBB0 /* UserDetailViewController.storyboard */ = {isa = PBXFileReference; lastKnownFileType = file.storyboard; path = UserDetailViewController.storyboard; sourceTree = "<group>"; };
		A6C0107D2A6F0C8F00ACBBB0 /* UserDetailCollectionViewCell.swift */ = {isa = PBXFileReference; lastKnownFileType = sourcecode.swift; path = UserDetailCollectionViewCell.swift; sourceTree = "<group>"; };
/* End PBXFileReference section */

/* Begin PBXFrameworksBuildPhase section */
		A6C010392A6C70EC00ACBBB0 /* Frameworks */ = {
			isa = PBXFrameworksBuildPhase;
			buildActionMask = 2147483647;
			files = (
			);
			runOnlyForDeploymentPostprocessing = 0;
		};
		A6C0104F2A6C70EE00ACBBB0 /* Frameworks */ = {
			isa = PBXFrameworksBuildPhase;
			buildActionMask = 2147483647;
			files = (
			);
			runOnlyForDeploymentPostprocessing = 0;
		};
		A6C010592A6C70EE00ACBBB0 /* Frameworks */ = {
			isa = PBXFrameworksBuildPhase;
			buildActionMask = 2147483647;
			files = (
			);
			runOnlyForDeploymentPostprocessing = 0;
		};
/* End PBXFrameworksBuildPhase section */

/* Begin PBXGroup section */
		A6342EE02A75B9E500978508 /* PickerView */ = {
			isa = PBXGroup;
			children = (
				A6342EE12A75B9FD00978508 /* ContactPickerViewController.storyboard */,
				A6342EE32A75BA1500978508 /* ContacPickerViewController.swift */,
			);
			path = PickerView;
			sourceTree = "<group>";
		};
		A6C010332A6C70EC00ACBBB0 = {
			isa = PBXGroup;
			children = (
				A6C0103E2A6C70EC00ACBBB0 /* ContactsApp */,
				A6C010552A6C70EE00ACBBB0 /* ContactsAppTests */,
				A6C0105F2A6C70EE00ACBBB0 /* ContactsAppUITests */,
				A6C0103D2A6C70EC00ACBBB0 /* Products */,
			);
			sourceTree = "<group>";
		};
		A6C0103D2A6C70EC00ACBBB0 /* Products */ = {
			isa = PBXGroup;
			children = (
				A6C0103C2A6C70EC00ACBBB0 /* ContactsApp.app */,
				A6C010522A6C70EE00ACBBB0 /* ContactsAppTests.xctest */,
				A6C0105C2A6C70EE00ACBBB0 /* ContactsAppUITests.xctest */,
			);
			name = Products;
			sourceTree = "<group>";
		};
		A6C0103E2A6C70EC00ACBBB0 /* ContactsApp */ = {
			isa = PBXGroup;
			children = (
				A6C010782A6F047100ACBBB0 /* Detail Page */,
				A6C0106F2A6C72F100ACBBB0 /* Contact Page */,
				A6C0103F2A6C70EC00ACBBB0 /* AppDelegate.swift */,
				A6C010412A6C70EC00ACBBB0 /* SceneDelegate.swift */,
				A6C010482A6C70EE00ACBBB0 /* Assets.xcassets */,
				A6C0104A2A6C70EE00ACBBB0 /* LaunchScreen.storyboard */,
				A6C0104D2A6C70EE00ACBBB0 /* Info.plist */,
				A609CCFD2A75BCED00459630 /* ContactsApp.xcdatamodeld */,
			);
			path = ContactsApp;
			sourceTree = "<group>";
		};
		A6C010552A6C70EE00ACBBB0 /* ContactsAppTests */ = {
			isa = PBXGroup;
			children = (
				A6C010562A6C70EE00ACBBB0 /* ContactsAppTests.swift */,
			);
			path = ContactsAppTests;
			sourceTree = "<group>";
		};
		A6C0105F2A6C70EE00ACBBB0 /* ContactsAppUITests */ = {
			isa = PBXGroup;
			children = (
				A6C010602A6C70EE00ACBBB0 /* ContactsAppUITests.swift */,
				A6C010622A6C70EE00ACBBB0 /* ContactsAppUITestsLaunchTests.swift */,
			);
			path = ContactsAppUITests;
			sourceTree = "<group>";
		};
		A6C0106F2A6C72F100ACBBB0 /* Contact Page */ = {
			isa = PBXGroup;
			children = (
				A6342EE02A75B9E500978508 /* PickerView */,
				A6C010702A6C736F00ACBBB0 /* ContactViewController.storyboard */,
				A6C010722A6C737B00ACBBB0 /* ContactViewController.swift */,
				A6C010762A6E790B00ACBBB0 /* ContactTableViewCell.swift */,
			);
			path = "Contact Page";
			sourceTree = "<group>";
		};
		A6C010782A6F047100ACBBB0 /* Detail Page */ = {
			isa = PBXGroup;
			children = (
				A6C010792A6F049100ACBBB0 /* UserDetailViewController.swift */,
				A6C0107B2A6F04AD00ACBBB0 /* UserDetailViewController.storyboard */,
				A6C0107D2A6F0C8F00ACBBB0 /* UserDetailCollectionViewCell.swift */,
				A69DC91C2A6FC7F50067F580 /* UserInfoTableViewCell.swift */,
			);
			path = "Detail Page";
			sourceTree = "<group>";
		};
/* End PBXGroup section */

/* Begin PBXNativeTarget section */
		A6C0103B2A6C70EC00ACBBB0 /* ContactsApp */ = {
			isa = PBXNativeTarget;
			buildConfigurationList = A6C010662A6C70EE00ACBBB0 /* Build configuration list for PBXNativeTarget "ContactsApp" */;
			buildPhases = (
				A6C010382A6C70EC00ACBBB0 /* Sources */,
				A6C010392A6C70EC00ACBBB0 /* Frameworks */,
				A6C0103A2A6C70EC00ACBBB0 /* Resources */,
			);
			buildRules = (
			);
			dependencies = (
			);
			name = ContactsApp;
			productName = ContactsApp;
			productReference = A6C0103C2A6C70EC00ACBBB0 /* ContactsApp.app */;
			productType = "com.apple.product-type.application";
		};
		A6C010512A6C70EE00ACBBB0 /* ContactsAppTests */ = {
			isa = PBXNativeTarget;
			buildConfigurationList = A6C010692A6C70EE00ACBBB0 /* Build configuration list for PBXNativeTarget "ContactsAppTests" */;
			buildPhases = (
				A6C0104E2A6C70EE00ACBBB0 /* Sources */,
				A6C0104F2A6C70EE00ACBBB0 /* Frameworks */,
				A6C010502A6C70EE00ACBBB0 /* Resources */,
			);
			buildRules = (
			);
			dependencies = (
				A6C010542A6C70EE00ACBBB0 /* PBXTargetDependency */,
			);
			name = ContactsAppTests;
			productName = ContactsAppTests;
			productReference = A6C010522A6C70EE00ACBBB0 /* ContactsAppTests.xctest */;
			productType = "com.apple.product-type.bundle.unit-test";
		};
		A6C0105B2A6C70EE00ACBBB0 /* ContactsAppUITests */ = {
			isa = PBXNativeTarget;
			buildConfigurationList = A6C0106C2A6C70EE00ACBBB0 /* Build configuration list for PBXNativeTarget "ContactsAppUITests" */;
			buildPhases = (
				A6C010582A6C70EE00ACBBB0 /* Sources */,
				A6C010592A6C70EE00ACBBB0 /* Frameworks */,
				A6C0105A2A6C70EE00ACBBB0 /* Resources */,
			);
			buildRules = (
			);
			dependencies = (
				A6C0105E2A6C70EE00ACBBB0 /* PBXTargetDependency */,
			);
			name = ContactsAppUITests;
			productName = ContactsAppUITests;
			productReference = A6C0105C2A6C70EE00ACBBB0 /* ContactsAppUITests.xctest */;
			productType = "com.apple.product-type.bundle.ui-testing";
		};
/* End PBXNativeTarget section */

/* Begin PBXProject section */
		A6C010342A6C70EC00ACBBB0 /* Project object */ = {
			isa = PBXProject;
			attributes = {
				BuildIndependentTargetsInParallel = 1;
				LastSwiftUpdateCheck = 1420;
				LastUpgradeCheck = 1420;
				TargetAttributes = {
					A6C0103B2A6C70EC00ACBBB0 = {
						CreatedOnToolsVersion = 14.2;
					};
					A6C010512A6C70EE00ACBBB0 = {
						CreatedOnToolsVersion = 14.2;
						TestTargetID = A6C0103B2A6C70EC00ACBBB0;
					};
					A6C0105B2A6C70EE00ACBBB0 = {
						CreatedOnToolsVersion = 14.2;
						TestTargetID = A6C0103B2A6C70EC00ACBBB0;
					};
				};
			};
			buildConfigurationList = A6C010372A6C70EC00ACBBB0 /* Build configuration list for PBXProject "ContactsApp" */;
			compatibilityVersion = "Xcode 14.0";
			developmentRegion = en;
			hasScannedForEncodings = 0;
			knownRegions = (
				en,
				Base,
			);
			mainGroup = A6C010332A6C70EC00ACBBB0;
			productRefGroup = A6C0103D2A6C70EC00ACBBB0 /* Products */;
			projectDirPath = "";
			projectRoot = "";
			targets = (
				A6C0103B2A6C70EC00ACBBB0 /* ContactsApp */,
				A6C010512A6C70EE00ACBBB0 /* ContactsAppTests */,
				A6C0105B2A6C70EE00ACBBB0 /* ContactsAppUITests */,
			);
		};
/* End PBXProject section */

/* Begin PBXResourcesBuildPhase section */
		A6C0103A2A6C70EC00ACBBB0 /* Resources */ = {
			isa = PBXResourcesBuildPhase;
			buildActionMask = 2147483647;
			files = (
				A6C0104C2A6C70EE00ACBBB0 /* LaunchScreen.storyboard in Resources */,
				A6C010712A6C736F00ACBBB0 /* ContactViewController.storyboard in Resources */,
				A6C010492A6C70EE00ACBBB0 /* Assets.xcassets in Resources */,
				A6C0107C2A6F04AD00ACBBB0 /* UserDetailViewController.storyboard in Resources */,
				A6342EE22A75B9FD00978508 /* ContactPickerViewController.storyboard in Resources */,
			);
			runOnlyForDeploymentPostprocessing = 0;
		};
		A6C010502A6C70EE00ACBBB0 /* Resources */ = {
			isa = PBXResourcesBuildPhase;
			buildActionMask = 2147483647;
			files = (
			);
			runOnlyForDeploymentPostprocessing = 0;
		};
		A6C0105A2A6C70EE00ACBBB0 /* Resources */ = {
			isa = PBXResourcesBuildPhase;
			buildActionMask = 2147483647;
			files = (
			);
			runOnlyForDeploymentPostprocessing = 0;
		};
/* End PBXResourcesBuildPhase section */

/* Begin PBXSourcesBuildPhase section */
		A6C010382A6C70EC00ACBBB0 /* Sources */ = {
			isa = PBXSourcesBuildPhase;
			buildActionMask = 2147483647;
			files = (
				A6C010772A6E790B00ACBBB0 /* ContactTableViewCell.swift in Sources */,
				A6C0107A2A6F049100ACBBB0 /* UserDetailViewController.swift in Sources */,
				A6C0107E2A6F0C8F00ACBBB0 /* UserDetailCollectionViewCell.swift in Sources */,
				A609CCFF2A75BCED00459630 /* ContactsApp.xcdatamodeld in Sources */,
				A6342EE42A75BA1500978508 /* ContacPickerViewController.swift in Sources */,
				A69DC91D2A6FC7F50067F580 /* UserInfoTableViewCell.swift in Sources */,
				A6C010402A6C70EC00ACBBB0 /* AppDelegate.swift in Sources */,
				A6C010422A6C70EC00ACBBB0 /* SceneDelegate.swift in Sources */,
				A6C010732A6C737B00ACBBB0 /* ContactViewController.swift in Sources */,
			);
			runOnlyForDeploymentPostprocessing = 0;
		};
		A6C0104E2A6C70EE00ACBBB0 /* Sources */ = {
			isa = PBXSourcesBuildPhase;
			buildActionMask = 2147483647;
			files = (
				A6C010572A6C70EE00ACBBB0 /* ContactsAppTests.swift in Sources */,
			);
			runOnlyForDeploymentPostprocessing = 0;
		};
		A6C010582A6C70EE00ACBBB0 /* Sources */ = {
			isa = PBXSourcesBuildPhase;
			buildActionMask = 2147483647;
			files = (
				A6C010612A6C70EE00ACBBB0 /* ContactsAppUITests.swift in Sources */,
				A6C010632A6C70EE00ACBBB0 /* ContactsAppUITestsLaunchTests.swift in Sources */,
			);
			runOnlyForDeploymentPostprocessing = 0;
		};
/* End PBXSourcesBuildPhase section */

/* Begin PBXTargetDependency section */
		A6C010542A6C70EE00ACBBB0 /* PBXTargetDependency */ = {
			isa = PBXTargetDependency;
			target = A6C0103B2A6C70EC00ACBBB0 /* ContactsApp */;
			targetProxy = A6C010532A6C70EE00ACBBB0 /* PBXContainerItemProxy */;
		};
		A6C0105E2A6C70EE00ACBBB0 /* PBXTargetDependency */ = {
			isa = PBXTargetDependency;
			target = A6C0103B2A6C70EC00ACBBB0 /* ContactsApp */;
			targetProxy = A6C0105D2A6C70EE00ACBBB0 /* PBXContainerItemProxy */;
		};
/* End PBXTargetDependency section */

/* Begin PBXVariantGroup section */
		A6C0104A2A6C70EE00ACBBB0 /* LaunchScreen.storyboard */ = {
			isa = PBXVariantGroup;
			children = (
				A6C0104B2A6C70EE00ACBBB0 /* Base */,
			);
			name = LaunchScreen.storyboard;
			sourceTree = "<group>";
		};
/* End PBXVariantGroup section */

/* Begin XCBuildConfiguration section */
		A6C010642A6C70EE00ACBBB0 /* Debug */ = {
			isa = XCBuildConfiguration;
			buildSettings = {
				ALWAYS_SEARCH_USER_PATHS = NO;
				CLANG_ANALYZER_NONNULL = YES;
				CLANG_ANALYZER_NUMBER_OBJECT_CONVERSION = YES_AGGRESSIVE;
				CLANG_CXX_LANGUAGE_STANDARD = "gnu++20";
				CLANG_ENABLE_MODULES = YES;
				CLANG_ENABLE_OBJC_ARC = YES;
				CLANG_ENABLE_OBJC_WEAK = YES;
				CLANG_WARN_BLOCK_CAPTURE_AUTORELEASING = YES;
				CLANG_WARN_BOOL_CONVERSION = YES;
				CLANG_WARN_COMMA = YES;
				CLANG_WARN_CONSTANT_CONVERSION = YES;
				CLANG_WARN_DEPRECATED_OBJC_IMPLEMENTATIONS = YES;
				CLANG_WARN_DIRECT_OBJC_ISA_USAGE = YES_ERROR;
				CLANG_WARN_DOCUMENTATION_COMMENTS = YES;
				CLANG_WARN_EMPTY_BODY = YES;
				CLANG_WARN_ENUM_CONVERSION = YES;
				CLANG_WARN_INFINITE_RECURSION = YES;
				CLANG_WARN_INT_CONVERSION = YES;
				CLANG_WARN_NON_LITERAL_NULL_CONVERSION = YES;
				CLANG_WARN_OBJC_IMPLICIT_RETAIN_SELF = YES;
				CLANG_WARN_OBJC_LITERAL_CONVERSION = YES;
				CLANG_WARN_OBJC_ROOT_CLASS = YES_ERROR;
				CLANG_WARN_QUOTED_INCLUDE_IN_FRAMEWORK_HEADER = YES;
				CLANG_WARN_RANGE_LOOP_ANALYSIS = YES;
				CLANG_WARN_STRICT_PROTOTYPES = YES;
				CLANG_WARN_SUSPICIOUS_MOVE = YES;
				CLANG_WARN_UNGUARDED_AVAILABILITY = YES_AGGRESSIVE;
				CLANG_WARN_UNREACHABLE_CODE = YES;
				CLANG_WARN__DUPLICATE_METHOD_MATCH = YES;
				COPY_PHASE_STRIP = NO;
				DEBUG_INFORMATION_FORMAT = dwarf;
				ENABLE_STRICT_OBJC_MSGSEND = YES;
				ENABLE_TESTABILITY = YES;
				GCC_C_LANGUAGE_STANDARD = gnu11;
				GCC_DYNAMIC_NO_PIC = NO;
				GCC_NO_COMMON_BLOCKS = YES;
				GCC_OPTIMIZATION_LEVEL = 0;
				GCC_PREPROCESSOR_DEFINITIONS = (
					"DEBUG=1",
					"$(inherited)",
				);
				GCC_WARN_64_TO_32_BIT_CONVERSION = YES;
				GCC_WARN_ABOUT_RETURN_TYPE = YES_ERROR;
				GCC_WARN_UNDECLARED_SELECTOR = YES;
				GCC_WARN_UNINITIALIZED_AUTOS = YES_AGGRESSIVE;
				GCC_WARN_UNUSED_FUNCTION = YES;
				GCC_WARN_UNUSED_VARIABLE = YES;
				IPHONEOS_DEPLOYMENT_TARGET = 16.2;
				MTL_ENABLE_DEBUG_INFO = INCLUDE_SOURCE;
				MTL_FAST_MATH = YES;
				ONLY_ACTIVE_ARCH = YES;
				SDKROOT = iphoneos;
				SWIFT_ACTIVE_COMPILATION_CONDITIONS = DEBUG;
				SWIFT_OPTIMIZATION_LEVEL = "-Onone";
			};
			name = Debug;
		};
		A6C010652A6C70EE00ACBBB0 /* Release */ = {
			isa = XCBuildConfiguration;
			buildSettings = {
				ALWAYS_SEARCH_USER_PATHS = NO;
				CLANG_ANALYZER_NONNULL = YES;
				CLANG_ANALYZER_NUMBER_OBJECT_CONVERSION = YES_AGGRESSIVE;
				CLANG_CXX_LANGUAGE_STANDARD = "gnu++20";
				CLANG_ENABLE_MODULES = YES;
				CLANG_ENABLE_OBJC_ARC = YES;
				CLANG_ENABLE_OBJC_WEAK = YES;
				CLANG_WARN_BLOCK_CAPTURE_AUTORELEASING = YES;
				CLANG_WARN_BOOL_CONVERSION = YES;
				CLANG_WARN_COMMA = YES;
				CLANG_WARN_CONSTANT_CONVERSION = YES;
				CLANG_WARN_DEPRECATED_OBJC_IMPLEMENTATIONS = YES;
				CLANG_WARN_DIRECT_OBJC_ISA_USAGE = YES_ERROR;
				CLANG_WARN_DOCUMENTATION_COMMENTS = YES;
				CLANG_WARN_EMPTY_BODY = YES;
				CLANG_WARN_ENUM_CONVERSION = YES;
				CLANG_WARN_INFINITE_RECURSION = YES;
				CLANG_WARN_INT_CONVERSION = YES;
				CLANG_WARN_NON_LITERAL_NULL_CONVERSION = YES;
				CLANG_WARN_OBJC_IMPLICIT_RETAIN_SELF = YES;
				CLANG_WARN_OBJC_LITERAL_CONVERSION = YES;
				CLANG_WARN_OBJC_ROOT_CLASS = YES_ERROR;
				CLANG_WARN_QUOTED_INCLUDE_IN_FRAMEWORK_HEADER = YES;
				CLANG_WARN_RANGE_LOOP_ANALYSIS = YES;
				CLANG_WARN_STRICT_PROTOTYPES = YES;
				CLANG_WARN_SUSPICIOUS_MOVE = YES;
				CLANG_WARN_UNGUARDED_AVAILABILITY = YES_AGGRESSIVE;
				CLANG_WARN_UNREACHABLE_CODE = YES;
				CLANG_WARN__DUPLICATE_METHOD_MATCH = YES;
				COPY_PHASE_STRIP = NO;
				DEBUG_INFORMATION_FORMAT = "dwarf-with-dsym";
				ENABLE_NS_ASSERTIONS = NO;
				ENABLE_STRICT_OBJC_MSGSEND = YES;
				GCC_C_LANGUAGE_STANDARD = gnu11;
				GCC_NO_COMMON_BLOCKS = YES;
				GCC_WARN_64_TO_32_BIT_CONVERSION = YES;
				GCC_WARN_ABOUT_RETURN_TYPE = YES_ERROR;
				GCC_WARN_UNDECLARED_SELECTOR = YES;
				GCC_WARN_UNINITIALIZED_AUTOS = YES_AGGRESSIVE;
				GCC_WARN_UNUSED_FUNCTION = YES;
				GCC_WARN_UNUSED_VARIABLE = YES;
				IPHONEOS_DEPLOYMENT_TARGET = 16.2;
				MTL_ENABLE_DEBUG_INFO = NO;
				MTL_FAST_MATH = YES;
				SDKROOT = iphoneos;
				SWIFT_COMPILATION_MODE = wholemodule;
				SWIFT_OPTIMIZATION_LEVEL = "-O";
				VALIDATE_PRODUCT = YES;
			};
			name = Release;
		};
		A6C010672A6C70EE00ACBBB0 /* Debug */ = {
			isa = XCBuildConfiguration;
			buildSettings = {
				ASSETCATALOG_COMPILER_APPICON_NAME = AppIcon;
				ASSETCATALOG_COMPILER_GLOBAL_ACCENT_COLOR_NAME = AccentColor;
				CODE_SIGN_STYLE = Automatic;
				CURRENT_PROJECT_VERSION = 1;
				GENERATE_INFOPLIST_FILE = YES;
				INFOPLIST_FILE = ContactsApp/Info.plist;
				INFOPLIST_KEY_UIApplicationSupportsIndirectInputEvents = YES;
				INFOPLIST_KEY_UILaunchStoryboardName = LaunchScreen;
				INFOPLIST_KEY_UISupportedInterfaceOrientations_iPad = "UIInterfaceOrientationPortrait UIInterfaceOrientationPortraitUpsideDown UIInterfaceOrientationLandscapeLeft UIInterfaceOrientationLandscapeRight";
				INFOPLIST_KEY_UISupportedInterfaceOrientations_iPhone = "UIInterfaceOrientationPortrait UIInterfaceOrientationLandscapeLeft UIInterfaceOrientationLandscapeRight";
				LD_RUNPATH_SEARCH_PATHS = (
					"$(inherited)",
					"@executable_path/Frameworks",
				);
				MARKETING_VERSION = 1.0;
				PRODUCT_BUNDLE_IDENTIFIER = aleynaaktas.ContactsApp;
				PRODUCT_NAME = "$(TARGET_NAME)";
				SWIFT_EMIT_LOC_STRINGS = YES;
				SWIFT_VERSION = 5.0;
				TARGETED_DEVICE_FAMILY = "1,2";
			};
			name = Debug;
		};
		A6C010682A6C70EE00ACBBB0 /* Release */ = {
			isa = XCBuildConfiguration;
			buildSettings = {
				ASSETCATALOG_COMPILER_APPICON_NAME = AppIcon;
				ASSETCATALOG_COMPILER_GLOBAL_ACCENT_COLOR_NAME = AccentColor;
				CODE_SIGN_STYLE = Automatic;
				CURRENT_PROJECT_VERSION = 1;
				GENERATE_INFOPLIST_FILE = YES;
				INFOPLIST_FILE = ContactsApp/Info.plist;
				INFOPLIST_KEY_UIApplicationSupportsIndirectInputEvents = YES;
				INFOPLIST_KEY_UILaunchStoryboardName = LaunchScreen;
				INFOPLIST_KEY_UISupportedInterfaceOrientations_iPad = "UIInterfaceOrientationPortrait UIInterfaceOrientationPortraitUpsideDown UIInterfaceOrientationLandscapeLeft UIInterfaceOrientationLandscapeRight";
				INFOPLIST_KEY_UISupportedInterfaceOrientations_iPhone = "UIInterfaceOrientationPortrait UIInterfaceOrientationLandscapeLeft UIInterfaceOrientationLandscapeRight";
				LD_RUNPATH_SEARCH_PATHS = (
					"$(inherited)",
					"@executable_path/Frameworks",
				);
				MARKETING_VERSION = 1.0;
				PRODUCT_BUNDLE_IDENTIFIER = aleynaaktas.ContactsApp;
				PRODUCT_NAME = "$(TARGET_NAME)";
				SWIFT_EMIT_LOC_STRINGS = YES;
				SWIFT_VERSION = 5.0;
				TARGETED_DEVICE_FAMILY = "1,2";
			};
			name = Release;
		};
		A6C0106A2A6C70EE00ACBBB0 /* Debug */ = {
			isa = XCBuildConfiguration;
			buildSettings = {
				ALWAYS_EMBED_SWIFT_STANDARD_LIBRARIES = YES;
				BUNDLE_LOADER = "$(TEST_HOST)";
				CODE_SIGN_STYLE = Automatic;
				CURRENT_PROJECT_VERSION = 1;
				GENERATE_INFOPLIST_FILE = YES;
				IPHONEOS_DEPLOYMENT_TARGET = 16.2;
				MARKETING_VERSION = 1.0;
				PRODUCT_BUNDLE_IDENTIFIER = aleynaaktas.ContactsAppTests;
				PRODUCT_NAME = "$(TARGET_NAME)";
				SWIFT_EMIT_LOC_STRINGS = NO;
				SWIFT_VERSION = 5.0;
				TARGETED_DEVICE_FAMILY = "1,2";
				TEST_HOST = "$(BUILT_PRODUCTS_DIR)/ContactsApp.app/$(BUNDLE_EXECUTABLE_FOLDER_PATH)/ContactsApp";
			};
			name = Debug;
		};
		A6C0106B2A6C70EE00ACBBB0 /* Release */ = {
			isa = XCBuildConfiguration;
			buildSettings = {
				ALWAYS_EMBED_SWIFT_STANDARD_LIBRARIES = YES;
				BUNDLE_LOADER = "$(TEST_HOST)";
				CODE_SIGN_STYLE = Automatic;
				CURRENT_PROJECT_VERSION = 1;
				GENERATE_INFOPLIST_FILE = YES;
				IPHONEOS_DEPLOYMENT_TARGET = 16.2;
				MARKETING_VERSION = 1.0;
				PRODUCT_BUNDLE_IDENTIFIER = aleynaaktas.ContactsAppTests;
				PRODUCT_NAME = "$(TARGET_NAME)";
				SWIFT_EMIT_LOC_STRINGS = NO;
				SWIFT_VERSION = 5.0;
				TARGETED_DEVICE_FAMILY = "1,2";
				TEST_HOST = "$(BUILT_PRODUCTS_DIR)/ContactsApp.app/$(BUNDLE_EXECUTABLE_FOLDER_PATH)/ContactsApp";
			};
			name = Release;
		};
		A6C0106D2A6C70EE00ACBBB0 /* Debug */ = {
			isa = XCBuildConfiguration;
			buildSettings = {
				ALWAYS_EMBED_SWIFT_STANDARD_LIBRARIES = YES;
				CODE_SIGN_STYLE = Automatic;
				CURRENT_PROJECT_VERSION = 1;
				GENERATE_INFOPLIST_FILE = YES;
				MARKETING_VERSION = 1.0;
				PRODUCT_BUNDLE_IDENTIFIER = aleynaaktas.ContactsAppUITests;
				PRODUCT_NAME = "$(TARGET_NAME)";
				SWIFT_EMIT_LOC_STRINGS = NO;
				SWIFT_VERSION = 5.0;
				TARGETED_DEVICE_FAMILY = "1,2";
				TEST_TARGET_NAME = ContactsApp;
			};
			name = Debug;
		};
		A6C0106E2A6C70EE00ACBBB0 /* Release */ = {
			isa = XCBuildConfiguration;
			buildSettings = {
				ALWAYS_EMBED_SWIFT_STANDARD_LIBRARIES = YES;
				CODE_SIGN_STYLE = Automatic;
				CURRENT_PROJECT_VERSION = 1;
				GENERATE_INFOPLIST_FILE = YES;
				MARKETING_VERSION = 1.0;
				PRODUCT_BUNDLE_IDENTIFIER = aleynaaktas.ContactsAppUITests;
				PRODUCT_NAME = "$(TARGET_NAME)";
				SWIFT_EMIT_LOC_STRINGS = NO;
				SWIFT_VERSION = 5.0;
				TARGETED_DEVICE_FAMILY = "1,2";
				TEST_TARGET_NAME = ContactsApp;
			};
			name = Release;
		};
/* End XCBuildConfiguration section */

/* Begin XCConfigurationList section */
		A6C010372A6C70EC00ACBBB0 /* Build configuration list for PBXProject "ContactsApp" */ = {
			isa = XCConfigurationList;
			buildConfigurations = (
				A6C010642A6C70EE00ACBBB0 /* Debug */,
				A6C010652A6C70EE00ACBBB0 /* Release */,
			);
			defaultConfigurationIsVisible = 0;
			defaultConfigurationName = Release;
		};
		A6C010662A6C70EE00ACBBB0 /* Build configuration list for PBXNativeTarget "ContactsApp" */ = {
			isa = XCConfigurationList;
			buildConfigurations = (
				A6C010672A6C70EE00ACBBB0 /* Debug */,
				A6C010682A6C70EE00ACBBB0 /* Release */,
			);
			defaultConfigurationIsVisible = 0;
			defaultConfigurationName = Release;
		};
		A6C010692A6C70EE00ACBBB0 /* Build configuration list for PBXNativeTarget "ContactsAppTests" */ = {
			isa = XCConfigurationList;
			buildConfigurations = (
				A6C0106A2A6C70EE00ACBBB0 /* Debug */,
				A6C0106B2A6C70EE00ACBBB0 /* Release */,
			);
			defaultConfigurationIsVisible = 0;
			defaultConfigurationName = Release;
		};
		A6C0106C2A6C70EE00ACBBB0 /* Build configuration list for PBXNativeTarget "ContactsAppUITests" */ = {
			isa = XCConfigurationList;
			buildConfigurations = (
				A6C0106D2A6C70EE00ACBBB0 /* Debug */,
				A6C0106E2A6C70EE00ACBBB0 /* Release */,
			);
			defaultConfigurationIsVisible = 0;
			defaultConfigurationName = Release;
		};
/* End XCConfigurationList section */

/* Begin XCVersionGroup section */
		A609CCFD2A75BCED00459630 /* ContactsApp.xcdatamodeld */ = {
			isa = XCVersionGroup;
			children = (
				A609CCFE2A75BCED00459630 /* ContactsApp.xcdatamodel */,
			);
			currentVersion = A609CCFE2A75BCED00459630 /* ContactsApp.xcdatamodel */;
			path = ContactsApp.xcdatamodeld;
			sourceTree = "<group>";
			versionGroupType = wrapper.xcdatamodel;
		};
/* End XCVersionGroup section */
	};
	rootObject = A6C010342A6C70EC00ACBBB0 /* Project object */;
}
